// !$*UTF8*$!
{
	archiveVersion = 1;
	classes = {
	};
	objectVersion = 50;
	objects = {

/* Begin PBXBuildFile section */
		7D3356CC243BCA5F00330465 /* LanguageDecoder.swift in Sources */ = {isa = PBXBuildFile; fileRef = 7D3356CB243BCA5F00330465 /* LanguageDecoder.swift */; };
		7D3356CE243BED1600330465 /* LanguageInfo.swift in Sources */ = {isa = PBXBuildFile; fileRef = 7D3356CD243BED1600330465 /* LanguageInfo.swift */; };
		7DD6C5AC243A8C63000C3924 /* AppDelegate.swift in Sources */ = {isa = PBXBuildFile; fileRef = 7DD6C5AB243A8C63000C3924 /* AppDelegate.swift */; };
		7DD6C5AE243A8C63000C3924 /* SceneDelegate.swift in Sources */ = {isa = PBXBuildFile; fileRef = 7DD6C5AD243A8C63000C3924 /* SceneDelegate.swift */; };
		7DD6C5B0243A8C63000C3924 /* ViewController.swift in Sources */ = {isa = PBXBuildFile; fileRef = 7DD6C5AF243A8C63000C3924 /* ViewController.swift */; };
		7DD6C5B3243A8C63000C3924 /* Main.storyboard in Resources */ = {isa = PBXBuildFile; fileRef = 7DD6C5B1243A8C63000C3924 /* Main.storyboard */; };
		7DD6C5B5243A8C68000C3924 /* Assets.xcassets in Resources */ = {isa = PBXBuildFile; fileRef = 7DD6C5B4243A8C68000C3924 /* Assets.xcassets */; };
		7DD6C5B8243A8C68000C3924 /* LaunchScreen.storyboard in Resources */ = {isa = PBXBuildFile; fileRef = 7DD6C5B6243A8C68000C3924 /* LaunchScreen.storyboard */; };
		7DD6C5C3243AE95F000C3924 /* LanguageManager.swift in Sources */ = {isa = PBXBuildFile; fileRef = 7DD6C5C2243AE95F000C3924 /* LanguageManager.swift */; };
/* End PBXBuildFile section */

/* Begin PBXFileReference section */
		7D3356CB243BCA5F00330465 /* LanguageDecoder.swift */ = {isa = PBXFileReference; lastKnownFileType = sourcecode.swift; path = LanguageDecoder.swift; sourceTree = "<group>"; };
		7D3356CD243BED1600330465 /* LanguageInfo.swift */ = {isa = PBXFileReference; lastKnownFileType = sourcecode.swift; path = LanguageInfo.swift; sourceTree = "<group>"; };
		7DD6C5A8243A8C63000C3924 /* Westeros Translator.app */ = {isa = PBXFileReference; explicitFileType = wrapper.application; includeInIndex = 0; path = "Westeros Translator.app"; sourceTree = BUILT_PRODUCTS_DIR; };
		7DD6C5AB243A8C63000C3924 /* AppDelegate.swift */ = {isa = PBXFileReference; lastKnownFileType = sourcecode.swift; path = AppDelegate.swift; sourceTree = "<group>"; };
		7DD6C5AD243A8C63000C3924 /* SceneDelegate.swift */ = {isa = PBXFileReference; lastKnownFileType = sourcecode.swift; path = SceneDelegate.swift; sourceTree = "<group>"; };
		7DD6C5AF243A8C63000C3924 /* ViewController.swift */ = {isa = PBXFileReference; lastKnownFileType = sourcecode.swift; path = ViewController.swift; sourceTree = "<group>"; };
		7DD6C5B2243A8C63000C3924 /* Base */ = {isa = PBXFileReference; lastKnownFileType = file.storyboard; name = Base; path = Base.lproj/Main.storyboard; sourceTree = "<group>"; };
		7DD6C5B4243A8C68000C3924 /* Assets.xcassets */ = {isa = PBXFileReference; lastKnownFileType = folder.assetcatalog; path = Assets.xcassets; sourceTree = "<group>"; };
		7DD6C5B7243A8C68000C3924 /* Base */ = {isa = PBXFileReference; lastKnownFileType = file.storyboard; name = Base; path = Base.lproj/LaunchScreen.storyboard; sourceTree = "<group>"; };
		7DD6C5B9243A8C68000C3924 /* Info.plist */ = {isa = PBXFileReference; lastKnownFileType = text.plist.xml; path = Info.plist; sourceTree = "<group>"; };
		7DD6C5C2243AE95F000C3924 /* LanguageManager.swift */ = {isa = PBXFileReference; lastKnownFileType = sourcecode.swift; path = LanguageManager.swift; sourceTree = "<group>"; };
/* End PBXFileReference section */

/* Begin PBXFrameworksBuildPhase section */
		7DD6C5A5243A8C63000C3924 /* Frameworks */ = {
			isa = PBXFrameworksBuildPhase;
			buildActionMask = 2147483647;
			files = (
			);
			runOnlyForDeploymentPostprocessing = 0;
		};
/* End PBXFrameworksBuildPhase section */

/* Begin PBXGroup section */
		7DD6C59F243A8C63000C3924 = {
			isa = PBXGroup;
			children = (
				7DD6C5AA243A8C63000C3924 /* Westeros Translator */,
				7DD6C5A9243A8C63000C3924 /* Products */,
			);
			sourceTree = "<group>";
		};
		7DD6C5A9243A8C63000C3924 /* Products */ = {
			isa = PBXGroup;
			children = (
				7DD6C5A8243A8C63000C3924 /* Westeros Translator.app */,
			);
			name = Products;
			sourceTree = "<group>";
		};
		7DD6C5AA243A8C63000C3924 /* Westeros Translator */ = {
			isa = PBXGroup;
			children = (
				7DD6C5BF243AE85B000C3924 /* Model */,
				7DD6C5C0243AE885000C3924 /* View */,
				7DD6C5C1243AE890000C3924 /* Controller */,
				7DD6C5AB243A8C63000C3924 /* AppDelegate.swift */,
				7DD6C5AD243A8C63000C3924 /* SceneDelegate.swift */,
				7DD6C5B4243A8C68000C3924 /* Assets.xcassets */,
				7DD6C5B6243A8C68000C3924 /* LaunchScreen.storyboard */,
				7DD6C5B9243A8C68000C3924 /* Info.plist */,
			);
			path = "Westeros Translator";
			sourceTree = "<group>";
		};
		7DD6C5BF243AE85B000C3924 /* Model */ = {
			isa = PBXGroup;
			children = (
				7DD6C5C2243AE95F000C3924 /* LanguageManager.swift */,
				7D3356CB243BCA5F00330465 /* LanguageDecoder.swift */,
				7D3356CD243BED1600330465 /* LanguageInfo.swift */,
			);
			path = Model;
			sourceTree = "<group>";
		};
		7DD6C5C0243AE885000C3924 /* View */ = {
			isa = PBXGroup;
			children = (
				7DD6C5B1243A8C63000C3924 /* Main.storyboard */,
			);
			path = View;
			sourceTree = "<group>";
		};
		7DD6C5C1243AE890000C3924 /* Controller */ = {
			isa = PBXGroup;
			children = (
				7DD6C5AF243A8C63000C3924 /* ViewController.swift */,
			);
			path = Controller;
			sourceTree = "<group>";
		};
/* End PBXGroup section */

/* Begin PBXNativeTarget section */
		7DD6C5A7243A8C63000C3924 /* Westeros Translator */ = {
			isa = PBXNativeTarget;
			buildConfigurationList = 7DD6C5BC243A8C68000C3924 /* Build configuration list for PBXNativeTarget "Westeros Translator" */;
			buildPhases = (
				7DD6C5A4243A8C63000C3924 /* Sources */,
				7DD6C5A5243A8C63000C3924 /* Frameworks */,
				7DD6C5A6243A8C63000C3924 /* Resources */,
			);
			buildRules = (
			);
			dependencies = (
			);
			name = "Westeros Translator";
			productName = "Westeros Translator";
			productReference = 7DD6C5A8243A8C63000C3924 /* Westeros Translator.app */;
			productType = "com.apple.product-type.application";
		};
/* End PBXNativeTarget section */

/* Begin PBXProject section */
		7DD6C5A0243A8C63000C3924 /* Project object */ = {
			isa = PBXProject;
			attributes = {
				LastSwiftUpdateCheck = 1130;
				LastUpgradeCheck = 1130;
				ORGANIZATIONNAME = "Raymond An";
				TargetAttributes = {
					7DD6C5A7243A8C63000C3924 = {
						CreatedOnToolsVersion = 11.3.1;
					};
				};
			};
			buildConfigurationList = 7DD6C5A3243A8C63000C3924 /* Build configuration list for PBXProject "Westeros Translator" */;
			compatibilityVersion = "Xcode 9.3";
			developmentRegion = en;
			hasScannedForEncodings = 0;
			knownRegions = (
				en,
				Base,
			);
			mainGroup = 7DD6C59F243A8C63000C3924;
			productRefGroup = 7DD6C5A9243A8C63000C3924 /* Products */;
			projectDirPath = "";
			projectRoot = "";
			targets = (
				7DD6C5A7243A8C63000C3924 /* Westeros Translator */,
			);
		};
/* End PBXProject section */

/* Begin PBXResourcesBuildPhase section */
		7DD6C5A6243A8C63000C3924 /* Resources */ = {
			isa = PBXResourcesBuildPhase;
			buildActionMask = 2147483647;
			files = (
				7DD6C5B8243A8C68000C3924 /* LaunchScreen.storyboard in Resources */,
				7DD6C5B5243A8C68000C3924 /* Assets.xcassets in Resources */,
				7DD6C5B3243A8C63000C3924 /* Main.storyboard in Resources */,
			);
			runOnlyForDeploymentPostprocessing = 0;
		};
/* End PBXResourcesBuildPhase section */

/* Begin PBXSourcesBuildPhase section */
		7DD6C5A4243A8C63000C3924 /* Sources */ = {
			isa = PBXSourcesBuildPhase;
			buildActionMask = 2147483647;
			files = (
				7DD6C5B0243A8C63000C3924 /* ViewController.swift in Sources */,
				7D3356CC243BCA5F00330465 /* LanguageDecoder.swift in Sources */,
				7DD6C5AC243A8C63000C3924 /* AppDelegate.swift in Sources */,
				7D3356CE243BED1600330465 /* LanguageInfo.swift in Sources */,
				7DD6C5AE243A8C63000C3924 /* SceneDelegate.swift in Sources */,
				7DD6C5C3243AE95F000C3924 /* LanguageManager.swift in Sources */,
			);
			runOnlyForDeploymentPostprocessing = 0;
		};
/* End PBXSourcesBuildPhase section */

/* Begin PBXVariantGroup section */
		7DD6C5B1243A8C63000C3924 /* Main.storyboard */ = {
			isa = PBXVariantGroup;
			children = (
				7DD6C5B2243A8C63000C3924 /* Base */,
			);
			name = Main.storyboard;
			sourceTree = "<group>";
		};
		7DD6C5B6243A8C68000C3924 /* LaunchScreen.storyboard */ = {
			isa = PBXVariantGroup;
			children = (
				7DD6C5B7243A8C68000C3924 /* Base */,
			);
			name = LaunchScreen.storyboard;
			sourceTree = "<group>";
		};
/* End PBXVariantGroup section */

/* Begin XCBuildConfiguration section */
		7DD6C5BA243A8C68000C3924 /* Debug */ = {
			isa = XCBuildConfiguration;
			buildSettings = {
				ALWAYS_SEARCH_USER_PATHS = NO;
				CLANG_ANALYZER_NONNULL = YES;
				CLANG_ANALYZER_NUMBER_OBJECT_CONVERSION = YES_AGGRESSIVE;
				CLANG_CXX_LANGUAGE_STANDARD = "gnu++14";
				CLANG_CXX_LIBRARY = "libc++";
				CLANG_ENABLE_MODULES = YES;
				CLANG_ENABLE_OBJC_ARC = YES;
				CLANG_ENABLE_OBJC_WEAK = YES;
				CLANG_WARN_BLOCK_CAPTURE_AUTORELEASING = YES;
				CLANG_WARN_BOOL_CONVERSION = YES;
				CLANG_WARN_COMMA = YES;
				CLANG_WARN_CONSTANT_CONVERSION = YES;
				CLANG_WARN_DEPRECATED_OBJC_IMPLEMENTATIONS = YES;
				CLANG_WARN_DIRECT_OBJC_ISA_USAGE = YES_ERROR;
				CLANG_WARN_DOCUMENTATION_COMMENTS = YES;
				CLANG_WARN_EMPTY_BODY = YES;
				CLANG_WARN_ENUM_CONVERSION = YES;
				CLANG_WARN_INFINITE_RECURSION = YES;
				CLANG_WARN_INT_CONVERSION = YES;
				CLANG_WARN_NON_LITERAL_NULL_CONVERSION = YES;
				CLANG_WARN_OBJC_IMPLICIT_RETAIN_SELF = YES;
				CLANG_WARN_OBJC_LITERAL_CONVERSION = YES;
				CLANG_WARN_OBJC_ROOT_CLASS = YES_ERROR;
				CLANG_WARN_RANGE_LOOP_ANALYSIS = YES;
				CLANG_WARN_STRICT_PROTOTYPES = YES;
				CLANG_WARN_SUSPICIOUS_MOVE = YES;
				CLANG_WARN_UNGUARDED_AVAILABILITY = YES_AGGRESSIVE;
				CLANG_WARN_UNREACHABLE_CODE = YES;
				CLANG_WARN__DUPLICATE_METHOD_MATCH = YES;
				COPY_PHASE_STRIP = NO;
				DEBUG_INFORMATION_FORMAT = dwarf;
				ENABLE_STRICT_OBJC_MSGSEND = YES;
				ENABLE_TESTABILITY = YES;
				GCC_C_LANGUAGE_STANDARD = gnu11;
				GCC_DYNAMIC_NO_PIC = NO;
				GCC_NO_COMMON_BLOCKS = YES;
				GCC_OPTIMIZATION_LEVEL = 0;
				GCC_PREPROCESSOR_DEFINITIONS = (
					"DEBUG=1",
					"$(inherited)",
				);
				GCC_WARN_64_TO_32_BIT_CONVERSION = YES;
				GCC_WARN_ABOUT_RETURN_TYPE = YES_ERROR;
				GCC_WARN_UNDECLARED_SELECTOR = YES;
				GCC_WARN_UNINITIALIZED_AUTOS = YES_AGGRESSIVE;
				GCC_WARN_UNUSED_FUNCTION = YES;
				GCC_WARN_UNUSED_VARIABLE = YES;
				IPHONEOS_DEPLOYMENT_TARGET = 13.2;
				MTL_ENABLE_DEBUG_INFO = INCLUDE_SOURCE;
				MTL_FAST_MATH = YES;
				ONLY_ACTIVE_ARCH = YES;
				SDKROOT = iphoneos;
				SWIFT_ACTIVE_COMPILATION_CONDITIONS = DEBUG;
				SWIFT_OPTIMIZATION_LEVEL = "-Onone";
			};
			name = Debug;
		};
		7DD6C5BB243A8C68000C3924 /* Release */ = {
			isa = XCBuildConfiguration;
			buildSettings = {
				ALWAYS_SEARCH_USER_PATHS = NO;
				CLANG_ANALYZER_NONNULL = YES;
				CLANG_ANALYZER_NUMBER_OBJECT_CONVERSION = YES_AGGRESSIVE;
				CLANG_CXX_LANGUAGE_STANDARD = "gnu++14";
				CLANG_CXX_LIBRARY = "libc++";
				CLANG_ENABLE_MODULES = YES;
				CLANG_ENABLE_OBJC_ARC = YES;
				CLANG_ENABLE_OBJC_WEAK = YES;
				CLANG_WARN_BLOCK_CAPTURE_AUTORELEASING = YES;
				CLANG_WARN_BOOL_CONVERSION = YES;
				CLANG_WARN_COMMA = YES;
				CLANG_WARN_CONSTANT_CONVERSION = YES;
				CLANG_WARN_DEPRECATED_OBJC_IMPLEMENTATIONS = YES;
				CLANG_WARN_DIRECT_OBJC_ISA_USAGE = YES_ERROR;
				CLANG_WARN_DOCUMENTATION_COMMENTS = YES;
				CLANG_WARN_EMPTY_BODY = YES;
				CLANG_WARN_ENUM_CONVERSION = YES;
				CLANG_WARN_INFINITE_RECURSION = YES;
				CLANG_WARN_INT_CONVERSION = YES;
				CLANG_WARN_NON_LITERAL_NULL_CONVERSION = YES;
				CLANG_WARN_OBJC_IMPLICIT_RETAIN_SELF = YES;
				CLANG_WARN_OBJC_LITERAL_CONVERSION = YES;
				CLANG_WARN_OBJC_ROOT_CLASS = YES_ERROR;
				CLANG_WARN_RANGE_LOOP_ANALYSIS = YES;
				CLANG_WARN_STRICT_PROTOTYPES = YES;
				CLANG_WARN_SUSPICIOUS_MOVE = YES;
				CLANG_WARN_UNGUARDED_AVAILABILITY = YES_AGGRESSIVE;
				CLANG_WARN_UNREACHABLE_CODE = YES;
				CLANG_WARN__DUPLICATE_METHOD_MATCH = YES;
				COPY_PHASE_STRIP = NO;
				DEBUG_INFORMATION_FORMAT = "dwarf-with-dsym";
				ENABLE_NS_ASSERTIONS = NO;
				ENABLE_STRICT_OBJC_MSGSEND = YES;
				GCC_C_LANGUAGE_STANDARD = gnu11;
				GCC_NO_COMMON_BLOCKS = YES;
				GCC_WARN_64_TO_32_BIT_CONVERSION = YES;
				GCC_WARN_ABOUT_RETURN_TYPE = YES_ERROR;
				GCC_WARN_UNDECLARED_SELECTOR = YES;
				GCC_WARN_UNINITIALIZED_AUTOS = YES_AGGRESSIVE;
				GCC_WARN_UNUSED_FUNCTION = YES;
				GCC_WARN_UNUSED_VARIABLE = YES;
				IPHONEOS_DEPLOYMENT_TARGET = 13.2;
				MTL_ENABLE_DEBUG_INFO = NO;
				MTL_FAST_MATH = YES;
				SDKROOT = iphoneos;
				SWIFT_COMPILATION_MODE = wholemodule;
				SWIFT_OPTIMIZATION_LEVEL = "-O";
				VALIDATE_PRODUCT = YES;
			};
			name = Release;
		};
		7DD6C5BD243A8C68000C3924 /* Debug */ = {
			isa = XCBuildConfiguration;
			buildSettings = {
				ASSETCATALOG_COMPILER_APPICON_NAME = AppIcon;
				CODE_SIGN_STYLE = Automatic;
				DEVELOPMENT_TEAM = SH98QXW57H;
				INFOPLIST_FILE = "Westeros Translator/Info.plist";
				LD_RUNPATH_SEARCH_PATHS = (
					"$(inherited)",
					"@executable_path/Frameworks",
				);
				PRODUCT_BUNDLE_IDENTIFIER = "com.raymondan.Westeros-Translator";
				PRODUCT_NAME = "$(TARGET_NAME)";
				SWIFT_VERSION = 5.0;
				TARGETED_DEVICE_FAMILY = "1,2";
			};
			name = Debug;
		};
		7DD6C5BE243A8C68000C3924 /* Release */ = {
			isa = XCBuildConfiguration;
			buildSettings = {
				ASSETCATALOG_COMPILER_APPICON_NAME = AppIcon;
				CODE_SIGN_STYLE = Automatic;
				DEVELOPMENT_TEAM = SH98QXW57H;
				INFOPLIST_FILE = "Westeros Translator/Info.plist";
				LD_RUNPATH_SEARCH_PATHS = (
					"$(inherited)",
					"@executable_path/Frameworks",
				);
				PRODUCT_BUNDLE_IDENTIFIER = "com.raymondan.Westeros-Translator";
				PRODUCT_NAME = "$(TARGET_NAME)";
				SWIFT_VERSION = 5.0;
				TARGETED_DEVICE_FAMILY = "1,2";
			};
			name = Release;
		};
/* End XCBuildConfiguration section */

/* Begin XCConfigurationList section */
		7DD6C5A3243A8C63000C3924 /* Build configuration list for PBXProject "Westeros Translator" */ = {
			isa = XCConfigurationList;
			buildConfigurations = (
				7DD6C5BA243A8C68000C3924 /* Debug */,
				7DD6C5BB243A8C68000C3924 /* Release */,
			);
			defaultConfigurationIsVisible = 0;
			defaultConfigurationName = Release;
		};
		7DD6C5BC243A8C68000C3924 /* Build configuration list for PBXNativeTarget "Westeros Translator" */ = {
			isa = XCConfigurationList;
			buildConfigurations = (
				7DD6C5BD243A8C68000C3924 /* Debug */,
				7DD6C5BE243A8C68000C3924 /* Release */,
			);
			defaultConfigurationIsVisible = 0;
			defaultConfigurationName = Release;
		};
/* End XCConfigurationList section */
	};
	rootObject = 7DD6C5A0243A8C63000C3924 /* Project object */;
}
